
Microsoft Visual Studio Solution File, Format Version 12.00
# Visual Studio Version 16
VisualStudioVersion = 16.0.31005.135
MinimumVisualStudioVersion = 10.0.40219.1
Project("{FAE04EC0-301F-11D3-BF4B-00C04F79EFBC}") = "ArithmeticCoding", "ArithmeticCoding\ArithmeticCoding.csproj", "{17F86062-AD20-4590-8ED8-C8717B9AC153}"
EndProject
Global
	GlobalSection(SolutionConfigurationPlatforms) = preSolution
		Debug|Any CPU = Debug|Any CPU
		Release|Any CPU = Release|Any CPU
	EndGlobalSection
	GlobalSection(ProjectConfigurationPlatforms) = postSolution
		{17F86062-AD20-4590-8ED8-C8717B9AC153}.Debug|Any CPU.ActiveCfg = Debug|Any CPU
		{17F86062-AD20-4590-8ED8-C8717B9AC153}.Debug|Any CPU.Build.0 = Debug|Any CPU
		{17F86062-AD20-4590-8ED8-C8717B9AC153}.Release|Any CPU.ActiveCfg = Release|Any CPU
		{17F86062-AD20-4590-8ED8-C8717B9AC153}.Release|Any CPU.Build.0 = Release|Any CPU
	EndGlobalSection
	GlobalSection(SolutionProperties) = preSolution
		HideSolutionNode = FALSE
	EndGlobalSection
	GlobalSection(ExtensibilityGlobals) = postSolution
		SolutionGuid = {AD28597D-81D1-46A3-8D28-B656DF2717A8}
	EndGlobalSection
EndGlobal
